{
  "version": 4,
  "terraform_version": "1.7.3",
  "serial": 138,
  "lineage": "54113f15-f264-ef88-6b47-4f5868ec4037",
  "outputs": {},
  "resources": [
    {
      "mode": "managed",
      "type": "aws_autoscaling_group",
      "name": "webserver_asg",
      "provider": "provider[\"registry.terraform.io/hashicorp/aws\"]",
      "instances": [
        {
          "schema_version": 1,
          "attributes": {
            "arn": "arn:aws:autoscaling:eu-central-1:703671923213:autoScalingGroup:7f29c5c1-19e3-4c88-b607-323e0eabfea4:autoScalingGroupName/terraform-20250125172036793400000001",
            "availability_zone_distribution": [
              {
                "capacity_distribution_strategy": "balanced-best-effort"
              }
            ],
            "availability_zones": [
              "eu-central-1a",
              "eu-central-1b"
            ],
            "capacity_rebalance": false,
            "context": "",
            "default_cooldown": 300,
            "default_instance_warmup": 0,
            "desired_capacity": 1,
            "desired_capacity_type": "",
            "enabled_metrics": [],
            "force_delete": false,
            "force_delete_warm_pool": false,
            "health_check_grace_period": 300,
            "health_check_type": "EC2",
            "id": "terraform-20250125172036793400000001",
            "ignore_failed_scaling_activities": false,
            "initial_lifecycle_hook": [],
            "instance_maintenance_policy": [],
            "instance_refresh": [],
            "launch_configuration": "",
            "launch_template": [
              {
                "id": "lt-041af065f695311d4",
                "name": "webserver-lt",
                "version": "$Latest"
              }
            ],
            "load_balancers": [],
            "max_instance_lifetime": 0,
            "max_size": 1,
            "metrics_granularity": "1Minute",
            "min_elb_capacity": null,
            "min_size": 1,
            "mixed_instances_policy": [],
            "name": "terraform-20250125172036793400000001",
            "name_prefix": "terraform-",
            "placement_group": "",
            "predicted_capacity": 0,
            "protect_from_scale_in": false,
            "service_linked_role_arn": "arn:aws:iam::703671923213:role/aws-service-role/autoscaling.amazonaws.com/AWSServiceRoleForAutoScaling",
            "suspended_processes": [],
            "tag": [],
            "target_group_arns": [],
            "termination_policies": [],
            "timeouts": null,
            "traffic_source": [],
            "vpc_zone_identifier": [
              "subnet-00a311d2de6c2431f",
              "subnet-0d3a07353d43ad002"
            ],
            "wait_for_capacity_timeout": "10m",
            "wait_for_elb_capacity": null,
            "warm_pool": [],
            "warm_pool_size": 0
          },
          "sensitive_attributes": [],
          "private": "eyJlMmJmYjczMC1lY2FhLTExZTYtOGY4OC0zNDM2M2JjN2M0YzAiOnsiZGVsZXRlIjo2MDAwMDAwMDAwMDAsInVwZGF0ZSI6NjAwMDAwMDAwMDAwfSwic2NoZW1hX3ZlcnNpb24iOiIxIn0=",
          "dependencies": [
            "aws_launch_template.webserver_lt",
            "aws_security_group.sg",
            "aws_subnet.public_subnets",
            "aws_vpc.test_vpc"
          ]
        }
      ]
    },
    {
      "mode": "managed",
      "type": "aws_eip",
      "name": "nat_eip",
      "provider": "provider[\"registry.terraform.io/hashicorp/aws\"]",
      "instances": [
        {
          "schema_version": 0,
          "attributes": {
            "address": null,
            "allocation_id": "eipalloc-0c53b66c73ce32e51",
            "arn": "arn:aws:ec2:eu-central-1:703671923213:elastic-ip/eipalloc-0c53b66c73ce32e51",
            "associate_with_private_ip": null,
            "association_id": "eipassoc-0104e51249aa240b1",
            "carrier_ip": "",
            "customer_owned_ip": "",
            "customer_owned_ipv4_pool": "",
            "domain": "vpc",
            "id": "eipalloc-0c53b66c73ce32e51",
            "instance": "",
            "ipam_pool_id": null,
            "network_border_group": "eu-central-1",
            "network_interface": "eni-0d6812284f8163888",
            "private_dns": "ip-10-0-1-145.eu-central-1.compute.internal",
            "private_ip": "10.0.1.145",
            "ptr_record": "",
            "public_dns": "ec2-3-79-91-58.eu-central-1.compute.amazonaws.com",
            "public_ip": "3.79.91.58",
            "public_ipv4_pool": "amazon",
            "tags": {
              "Name": "NAT Gateway EIP"
            },
            "tags_all": {
              "Name": "NAT Gateway EIP"
            },
            "timeouts": null,
            "vpc": true
          },
          "sensitive_attributes": [],
          "private": "eyJlMmJmYjczMC1lY2FhLTExZTYtOGY4OC0zNDM2M2JjN2M0YzAiOnsiZGVsZXRlIjoxODAwMDAwMDAwMDAsInJlYWQiOjkwMDAwMDAwMDAwMCwidXBkYXRlIjozMDAwMDAwMDAwMDB9fQ=="
        }
      ]
    },
    {
      "mode": "managed",
      "type": "aws_instance",
      "name": "public_instance",
      "provider": "provider[\"registry.terraform.io/hashicorp/aws\"]",
      "instances": [
        {
          "schema_version": 1,
          "attributes": {
            "ami": "ami-0cdd6d7420844683b",
            "arn": "arn:aws:ec2:eu-central-1:703671923213:instance/i-06468dbe2e6f6c8a3",
            "associate_public_ip_address": true,
            "availability_zone": "eu-central-1a",
            "capacity_reservation_specification": [
              {
                "capacity_reservation_preference": "open",
                "capacity_reservation_target": []
              }
            ],
            "cpu_core_count": 1,
            "cpu_options": [
              {
                "amd_sev_snp": "",
                "core_count": 1,
                "threads_per_core": 1
              }
            ],
            "cpu_threads_per_core": 1,
            "credit_specification": [
              {
                "cpu_credits": "standard"
              }
            ],
            "disable_api_stop": false,
            "disable_api_termination": false,
            "ebs_block_device": [],
            "ebs_optimized": false,
            "enable_primary_ipv6": null,
            "enclave_options": [
              {
                "enabled": false
              }
            ],
            "ephemeral_block_device": [],
            "get_password_data": false,
            "hibernation": false,
            "host_id": "",
            "host_resource_group_arn": null,
            "iam_instance_profile": "",
            "id": "i-06468dbe2e6f6c8a3",
            "instance_initiated_shutdown_behavior": "stop",
            "instance_lifecycle": "",
            "instance_market_options": [],
            "instance_state": "running",
            "instance_type": "t2.micro",
            "ipv6_address_count": 0,
            "ipv6_addresses": [],
            "key_name": "admin-key",
            "launch_template": [],
            "maintenance_options": [
              {
                "auto_recovery": "default"
              }
            ],
            "metadata_options": [
              {
                "http_endpoint": "enabled",
                "http_protocol_ipv6": "disabled",
                "http_put_response_hop_limit": 2,
                "http_tokens": "required",
                "instance_metadata_tags": "disabled"
              }
            ],
            "monitoring": false,
            "network_interface": [],
            "outpost_arn": "",
            "password_data": "",
            "placement_group": "",
            "placement_partition_number": 0,
            "primary_network_interface_id": "eni-065c5857b92df869f",
            "private_dns": "ip-10-0-1-75.eu-central-1.compute.internal",
            "private_dns_name_options": [
              {
                "enable_resource_name_dns_a_record": true,
                "enable_resource_name_dns_aaaa_record": false,
                "hostname_type": "ip-name"
              }
            ],
            "private_ip": "10.0.1.75",
            "public_dns": "ec2-3-123-42-136.eu-central-1.compute.amazonaws.com",
            "public_ip": "3.123.42.136",
            "root_block_device": [
              {
                "delete_on_termination": true,
                "device_name": "/dev/xvda",
                "encrypted": false,
                "iops": 3000,
                "kms_key_id": "",
                "tags": {},
                "tags_all": {},
                "throughput": 125,
                "volume_id": "vol-0cffd5628dc6548e4",
                "volume_size": 8,
                "volume_type": "gp3"
              }
            ],
            "secondary_private_ips": [],
            "security_groups": [],
            "source_dest_check": true,
            "spot_instance_request_id": "",
            "subnet_id": "subnet-0d3a07353d43ad002",
            "tags": {
              "Name": "public-Instance"
            },
            "tags_all": {
              "Name": "public-Instance"
            },
            "tenancy": "default",
            "timeouts": null,
            "user_data": "1aaea3747e75fe728b8d4dcc9dfaad2aee91a3b1",
            "user_data_base64": null,
            "user_data_replace_on_change": false,
            "volume_tags": null,
            "vpc_security_group_ids": [
              "sg-0ba2f3c550a9db42e"
            ]
          },
          "sensitive_attributes": [],
          "private": "eyJlMmJmYjczMC1lY2FhLTExZTYtOGY4OC0zNDM2M2JjN2M0YzAiOnsiY3JlYXRlIjo2MDAwMDAwMDAwMDAsImRlbGV0ZSI6MTIwMDAwMDAwMDAwMCwicmVhZCI6OTAwMDAwMDAwMDAwLCJ1cGRhdGUiOjYwMDAwMDAwMDAwMH0sInNjaGVtYV92ZXJzaW9uIjoiMSJ9",
          "dependencies": [
            "aws_key_pair.key_pair",
            "aws_subnet.public_subnets",
            "aws_vpc.test_vpc",
            "tls_private_key.rsa-4096"
          ]
        }
      ]
    },
    {
      "mode": "managed",
      "type": "aws_instance",
      "name": "public_instance-2",
      "provider": "provider[\"registry.terraform.io/hashicorp/aws\"]",
      "instances": [
        {
          "schema_version": 1,
          "attributes": {
            "ami": "ami-0cdd6d7420844683b",
            "arn": "arn:aws:ec2:eu-central-1:703671923213:instance/i-06c25a3b57f605cbd",
            "associate_public_ip_address": true,
            "availability_zone": "eu-central-1b",
            "capacity_reservation_specification": [
              {
                "capacity_reservation_preference": "open",
                "capacity_reservation_target": []
              }
            ],
            "cpu_core_count": 1,
            "cpu_options": [
              {
                "amd_sev_snp": "",
                "core_count": 1,
                "threads_per_core": 1
              }
            ],
            "cpu_threads_per_core": 1,
            "credit_specification": [
              {
                "cpu_credits": "standard"
              }
            ],
            "disable_api_stop": false,
            "disable_api_termination": false,
            "ebs_block_device": [],
            "ebs_optimized": false,
            "enable_primary_ipv6": null,
            "enclave_options": [
              {
                "enabled": false
              }
            ],
            "ephemeral_block_device": [],
            "get_password_data": false,
            "hibernation": false,
            "host_id": "",
            "host_resource_group_arn": null,
            "iam_instance_profile": "",
            "id": "i-06c25a3b57f605cbd",
            "instance_initiated_shutdown_behavior": "stop",
            "instance_lifecycle": "",
            "instance_market_options": [],
            "instance_state": "running",
            "instance_type": "t2.micro",
            "ipv6_address_count": 0,
            "ipv6_addresses": [],
            "key_name": "admin-key",
            "launch_template": [],
            "maintenance_options": [
              {
                "auto_recovery": "default"
              }
            ],
            "metadata_options": [
              {
                "http_endpoint": "enabled",
                "http_protocol_ipv6": "disabled",
                "http_put_response_hop_limit": 2,
                "http_tokens": "required",
                "instance_metadata_tags": "disabled"
              }
            ],
            "monitoring": false,
            "network_interface": [],
            "outpost_arn": "",
            "password_data": "",
            "placement_group": "",
            "placement_partition_number": 0,
            "primary_network_interface_id": "eni-009f41cd2e2c4b5c0",
            "private_dns": "ip-10-0-2-8.eu-central-1.compute.internal",
            "private_dns_name_options": [
              {
                "enable_resource_name_dns_a_record": true,
                "enable_resource_name_dns_aaaa_record": false,
                "hostname_type": "ip-name"
              }
            ],
            "private_ip": "10.0.2.8",
            "public_dns": "ec2-18-184-6-125.eu-central-1.compute.amazonaws.com",
            "public_ip": "18.184.6.125",
            "root_block_device": [
              {
                "delete_on_termination": true,
                "device_name": "/dev/xvda",
                "encrypted": false,
                "iops": 3000,
                "kms_key_id": "",
                "tags": {},
                "tags_all": {},
                "throughput": 125,
                "volume_id": "vol-042565d0c28548311",
                "volume_size": 8,
                "volume_type": "gp3"
              }
            ],
            "secondary_private_ips": [],
            "security_groups": [],
            "source_dest_check": true,
            "spot_instance_request_id": "",
            "subnet_id": "subnet-00a311d2de6c2431f",
            "tags": {
              "Name": "public-Instance-2"
            },
            "tags_all": {
              "Name": "public-Instance-2"
            },
            "tenancy": "default",
            "timeouts": null,
            "user_data": "1aaea3747e75fe728b8d4dcc9dfaad2aee91a3b1",
            "user_data_base64": null,
            "user_data_replace_on_change": false,
            "volume_tags": null,
            "vpc_security_group_ids": [
              "sg-0ba2f3c550a9db42e"
            ]
          },
          "sensitive_attributes": [],
          "private": "eyJlMmJmYjczMC1lY2FhLTExZTYtOGY4OC0zNDM2M2JjN2M0YzAiOnsiY3JlYXRlIjo2MDAwMDAwMDAwMDAsImRlbGV0ZSI6MTIwMDAwMDAwMDAwMCwicmVhZCI6OTAwMDAwMDAwMDAwLCJ1cGRhdGUiOjYwMDAwMDAwMDAwMH0sInNjaGVtYV92ZXJzaW9uIjoiMSJ9",
          "dependencies": [
            "aws_key_pair.key_pair",
            "aws_subnet.public_subnets",
            "aws_vpc.test_vpc",
            "tls_private_key.rsa-4096"
          ]
        }
      ]
    },
    {
      "mode": "managed",
      "type": "aws_internet_gateway",
      "name": "igw",
      "provider": "provider[\"registry.terraform.io/hashicorp/aws\"]",
      "instances": [
        {
          "schema_version": 0,
          "attributes": {
            "arn": "arn:aws:ec2:eu-central-1:703671923213:internet-gateway/igw-0c47d1136acdbb95a",
            "id": "igw-0c47d1136acdbb95a",
            "owner_id": "703671923213",
            "tags": {
              "Name": "terraform-test-igw"
            },
            "tags_all": {
              "Name": "terraform-test-igw"
            },
            "timeouts": null,
            "vpc_id": "vpc-048d9241b9df9927e"
          },
          "sensitive_attributes": [],
          "private": "eyJlMmJmYjczMC1lY2FhLTExZTYtOGY4OC0zNDM2M2JjN2M0YzAiOnsiY3JlYXRlIjoxMjAwMDAwMDAwMDAwLCJkZWxldGUiOjEyMDAwMDAwMDAwMDAsInVwZGF0ZSI6MTIwMDAwMDAwMDAwMH19",
          "dependencies": [
            "aws_vpc.test_vpc"
          ]
        }
      ]
    },
    {
      "mode": "managed",
      "type": "aws_key_pair",
      "name": "key_pair",
      "provider": "provider[\"registry.terraform.io/hashicorp/aws\"]",
      "instances": [
        {
          "schema_version": 1,
          "attributes": {
            "arn": "arn:aws:ec2:eu-central-1:703671923213:key-pair/admin-key",
            "fingerprint": "8b:01:5c:20:e6:4c:2e:43:8e:b4:de:6f:c8:4a:0a:5e",
            "id": "admin-key",
            "key_name": "admin-key",
            "key_name_prefix": "",
            "key_pair_id": "key-06ec24856a722df31",
            "key_type": "rsa",
            "public_key": "ssh-rsa AAAAB3NzaC1yc2EAAAADAQABAAACAQC5DMaIQJlH95Qg6S5o08q5IfoWzRDTLkm/hiAvsSxrzyDUuP+qREwn1x1ewR8yutSZ1IKitcHV73pOJItZFY/w4+Otekojr9PR5bVMFmI80IIE0nV3uI+3Fg3h5cvJtEN/jUgFzTNjSv59QhyWGPdCXp9cf5+pODSA2/uwo629ljtZdv5gmeTPuMfcDUjP7t2MNKJpTgGtVbJFTDb9UDimYcpiwnjavBfLJEYjDtBg8rJl++NStzY/VnfLuBLcVvvBQY2XBdf7vgVWhjq9l1fOzssXVjSxuPQEjE+cFCPhzScU82gcawOrH6SuFMC9Kjbe1hD+WVDB1Cg6QPtJVImn6YUaxkny3TOSqR5KaEF2SHp2KEwc3d71Lu3BXCloMqcvzSlTWZIUElAFHwABUa/9QhLtUhIFRfIhQ3caSUqzIbQ6yKeyXslQZw2tBw8o/dJfBRxqjyqyHZGyQJp5+9hBgUHouT8q/nw8Y9i7pIi7BHZ5y9+MihPB/9lmn2k4h+SyBQbpEhH//hOgLe7RtNKhOxFHE0suxJIfUXxh2u0kjhkCeS8VpE+0YvvZugmPbLioDK1EnuaMpOQPTky444Oce2CETSr0NulEiEBwICpF3nMjnh188FarfJFxlccNj3b7C5IEn4DEyrbJziGzsBb3+oupli8SM5QJCJJvOcpxPQ==",
            "tags": {},
            "tags_all": {}
          },
          "sensitive_attributes": [],
          "private": "eyJzY2hlbWFfdmVyc2lvbiI6IjEifQ==",
          "dependencies": [
            "tls_private_key.rsa-4096"
          ]
        }
      ]
    },
    {
      "mode": "managed",
      "type": "aws_launch_template",
      "name": "webserver_lt",
      "provider": "provider[\"registry.terraform.io/hashicorp/aws\"]",
      "instances": [
        {
          "schema_version": 0,
          "attributes": {
            "arn": "arn:aws:ec2:eu-central-1:703671923213:launch-template/lt-041af065f695311d4",
            "block_device_mappings": [],
            "capacity_reservation_specification": [],
            "cpu_options": [],
            "credit_specification": [],
            "default_version": 1,
            "description": "",
            "disable_api_stop": false,
            "disable_api_termination": false,
            "ebs_optimized": "",
            "elastic_gpu_specifications": [],
            "elastic_inference_accelerator": [],
            "enclave_options": [],
            "hibernation_options": [],
            "iam_instance_profile": [],
            "id": "lt-041af065f695311d4",
            "image_id": "ami-0cdd6d7420844683b",
            "instance_initiated_shutdown_behavior": "",
            "instance_market_options": [],
            "instance_requirements": [],
            "instance_type": "t2.micro",
            "kernel_id": "",
            "key_name": "",
            "latest_version": 2,
            "license_specification": [],
            "maintenance_options": [],
            "metadata_options": [],
            "monitoring": [],
            "name": "webserver-lt",
            "name_prefix": "",
            "network_interfaces": [
              {
                "associate_carrier_ip_address": "",
                "associate_public_ip_address": "",
                "delete_on_termination": "",
                "description": "",
                "device_index": 0,
                "interface_type": "",
                "ipv4_address_count": 0,
                "ipv4_addresses": [],
                "ipv4_prefix_count": 0,
                "ipv4_prefixes": [],
                "ipv6_address_count": 0,
                "ipv6_addresses": [],
                "ipv6_prefix_count": 0,
                "ipv6_prefixes": [],
                "network_card_index": 0,
                "network_interface_id": "",
                "primary_ipv6": "",
                "private_ip_address": "",
                "security_groups": [
                  "sg-08c3f344a207d819c"
                ],
                "subnet_id": ""
              }
            ],
            "placement": [],
            "private_dns_name_options": [],
            "ram_disk_id": "",
            "security_group_names": [],
            "tag_specifications": [],
            "tags": {},
            "tags_all": {},
            "update_default_version": null,
            "user_data": "c3VkbyBzdQp5dW0gdXBkYXRlIC15Cnl1bSBpbnN0YWxsIGh0dHBkIC15CnN5c3RlbWN0bCBzdGFydCBodHRwZApzeXN0ZW1jdGwgZW5hYmxlIGh0dHBkCmhvc3RuYW1lID4gL3Zhci93d3cvaHRtbC9pbmRleC5odG1s",
            "vpc_security_group_ids": []
          },
          "sensitive_attributes": [],
          "private": "bnVsbA==",
          "dependencies": [
            "aws_security_group.sg",
            "aws_vpc.test_vpc"
          ],
          "create_before_destroy": true
        }
      ]
    },
    {
      "mode": "managed",
      "type": "aws_lb",
      "name": "application_lb",
      "provider": "provider[\"registry.terraform.io/hashicorp/aws\"]",
      "instances": [
        {
          "schema_version": 0,
          "attributes": {
            "access_logs": [
              {
                "bucket": "",
                "enabled": false,
                "prefix": ""
              }
            ],
            "arn": "arn:aws:elasticloadbalancing:eu-central-1:703671923213:loadbalancer/app/test-application-lb/0240d2900d4241a3",
            "arn_suffix": "app/test-application-lb/0240d2900d4241a3",
            "client_keep_alive": 3600,
            "connection_logs": [
              {
                "bucket": "",
                "enabled": false,
                "prefix": ""
              }
            ],
            "customer_owned_ipv4_pool": "",
            "desync_mitigation_mode": "defensive",
            "dns_name": "test-application-lb-946795930.eu-central-1.elb.amazonaws.com",
            "dns_record_client_routing_policy": null,
            "drop_invalid_header_fields": false,
            "enable_cross_zone_load_balancing": true,
            "enable_deletion_protection": false,
            "enable_http2": true,
            "enable_tls_version_and_cipher_suite_headers": false,
            "enable_waf_fail_open": false,
            "enable_xff_client_port": false,
            "enable_zonal_shift": false,
            "enforce_security_group_inbound_rules_on_private_link_traffic": "",
            "id": "arn:aws:elasticloadbalancing:eu-central-1:703671923213:loadbalancer/app/test-application-lb/0240d2900d4241a3",
            "idle_timeout": 60,
            "internal": false,
            "ip_address_type": "ipv4",
            "load_balancer_type": "application",
            "name": "test-application-lb",
            "name_prefix": "",
            "preserve_host_header": false,
            "security_groups": [
              "sg-0e400ec7a7952eff7"
            ],
            "subnet_mapping": [
              {
                "allocation_id": "",
                "ipv6_address": "",
                "outpost_id": "",
                "private_ipv4_address": "",
                "subnet_id": "subnet-00a311d2de6c2431f"
              },
              {
                "allocation_id": "",
                "ipv6_address": "",
                "outpost_id": "",
                "private_ipv4_address": "",
                "subnet_id": "subnet-0d3a07353d43ad002"
              }
            ],
            "subnets": [
              "subnet-00a311d2de6c2431f",
              "subnet-0d3a07353d43ad002"
            ],
            "tags": {},
            "tags_all": {},
            "timeouts": null,
            "vpc_id": "vpc-048d9241b9df9927e",
            "xff_header_processing_mode": "append",
            "zone_id": "Z215JYRZR1TBD5"
          },
          "sensitive_attributes": [],
          "private": "eyJlMmJmYjczMC1lY2FhLTExZTYtOGY4OC0zNDM2M2JjN2M0YzAiOnsiY3JlYXRlIjo2MDAwMDAwMDAwMDAsImRlbGV0ZSI6NjAwMDAwMDAwMDAwLCJ1cGRhdGUiOjYwMDAwMDAwMDAwMH19",
          "dependencies": [
            "aws_security_group.alb_sg",
            "aws_subnet.public_subnets",
            "aws_vpc.test_vpc"
          ]
        }
      ]
    },
    {
      "mode": "managed",
      "type": "aws_lb_listener",
      "name": "listener",
      "provider": "provider[\"registry.terraform.io/hashicorp/aws\"]",
      "instances": [
        {
          "schema_version": 0,
          "attributes": {
            "alpn_policy": null,
            "arn": "arn:aws:elasticloadbalancing:eu-central-1:703671923213:listener/app/test-application-lb/0240d2900d4241a3/6d6c542db9844eef",
            "certificate_arn": null,
            "default_action": [
              {
                "authenticate_cognito": [],
                "authenticate_oidc": [],
                "fixed_response": [],
                "forward": [],
                "order": 1,
                "redirect": [],
                "target_group_arn": "arn:aws:elasticloadbalancing:eu-central-1:703671923213:targetgroup/alb-target-group/4d409aac01b1e887",
                "type": "forward"
              }
            ],
            "id": "arn:aws:elasticloadbalancing:eu-central-1:703671923213:listener/app/test-application-lb/0240d2900d4241a3/6d6c542db9844eef",
            "load_balancer_arn": "arn:aws:elasticloadbalancing:eu-central-1:703671923213:loadbalancer/app/test-application-lb/0240d2900d4241a3",
            "mutual_authentication": [],
            "port": 80,
            "protocol": "HTTP",
            "routing_http_request_x_amzn_mtls_clientcert_header_name": null,
            "routing_http_request_x_amzn_mtls_clientcert_issuer_header_name": null,
            "routing_http_request_x_amzn_mtls_clientcert_leaf_header_name": null,
            "routing_http_request_x_amzn_mtls_clientcert_serial_number_header_name": null,
            "routing_http_request_x_amzn_mtls_clientcert_subject_header_name": null,
            "routing_http_request_x_amzn_mtls_clientcert_validity_header_name": null,
            "routing_http_request_x_amzn_tls_cipher_suite_header_name": null,
            "routing_http_request_x_amzn_tls_version_header_name": null,
            "routing_http_response_access_control_allow_credentials_header_value": "",
            "routing_http_response_access_control_allow_headers_header_value": "",
            "routing_http_response_access_control_allow_methods_header_value": "",
            "routing_http_response_access_control_allow_origin_header_value": "",
            "routing_http_response_access_control_expose_headers_header_value": "",
            "routing_http_response_access_control_max_age_header_value": "",
            "routing_http_response_content_security_policy_header_value": "",
            "routing_http_response_server_enabled": false,
            "routing_http_response_strict_transport_security_header_value": "",
            "routing_http_response_x_content_type_options_header_value": "",
            "routing_http_response_x_frame_options_header_value": "",
            "ssl_policy": "",
            "tags": {},
            "tags_all": {},
            "tcp_idle_timeout_seconds": null,
            "timeouts": null
          },
          "sensitive_attributes": [],
          "private": "eyJlMmJmYjczMC1lY2FhLTExZTYtOGY4OC0zNDM2M2JjN2M0YzAiOnsiY3JlYXRlIjozMDAwMDAwMDAwMDAsInVwZGF0ZSI6MzAwMDAwMDAwMDAwfX0=",
          "dependencies": [
            "aws_lb.application_lb",
            "aws_lb_target_group.tg",
            "aws_security_group.alb_sg",
            "aws_subnet.public_subnets",
            "aws_vpc.test_vpc"
          ]
        }
      ]
    },
    {
      "mode": "managed",
      "type": "aws_lb_listener",
      "name": "listener_https",
      "provider": "provider[\"registry.terraform.io/hashicorp/aws\"]",
      "instances": [
        {
          "schema_version": 0,
          "attributes": {
            "alpn_policy": null,
            "arn": "arn:aws:elasticloadbalancing:eu-central-1:703671923213:listener/app/test-application-lb/0240d2900d4241a3/369dc8b9a122e609",
            "certificate_arn": null,
            "default_action": [
              {
                "authenticate_cognito": [],
                "authenticate_oidc": [],
                "fixed_response": [],
                "forward": [],
                "order": 1,
                "redirect": [],
                "target_group_arn": "arn:aws:elasticloadbalancing:eu-central-1:703671923213:targetgroup/alb-target-group/4d409aac01b1e887",
                "type": "forward"
              }
            ],
            "id": "arn:aws:elasticloadbalancing:eu-central-1:703671923213:listener/app/test-application-lb/0240d2900d4241a3/369dc8b9a122e609",
            "load_balancer_arn": "arn:aws:elasticloadbalancing:eu-central-1:703671923213:loadbalancer/app/test-application-lb/0240d2900d4241a3",
            "mutual_authentication": [],
            "port": 443,
            "protocol": "HTTP",
            "routing_http_request_x_amzn_mtls_clientcert_header_name": null,
            "routing_http_request_x_amzn_mtls_clientcert_issuer_header_name": null,
            "routing_http_request_x_amzn_mtls_clientcert_leaf_header_name": null,
            "routing_http_request_x_amzn_mtls_clientcert_serial_number_header_name": null,
            "routing_http_request_x_amzn_mtls_clientcert_subject_header_name": null,
            "routing_http_request_x_amzn_mtls_clientcert_validity_header_name": null,
            "routing_http_request_x_amzn_tls_cipher_suite_header_name": null,
            "routing_http_request_x_amzn_tls_version_header_name": null,
            "routing_http_response_access_control_allow_credentials_header_value": "",
            "routing_http_response_access_control_allow_headers_header_value": "",
            "routing_http_response_access_control_allow_methods_header_value": "",
            "routing_http_response_access_control_allow_origin_header_value": "",
            "routing_http_response_access_control_expose_headers_header_value": "",
            "routing_http_response_access_control_max_age_header_value": "",
            "routing_http_response_content_security_policy_header_value": "",
            "routing_http_response_server_enabled": false,
            "routing_http_response_strict_transport_security_header_value": "",
            "routing_http_response_x_content_type_options_header_value": "",
            "routing_http_response_x_frame_options_header_value": "",
            "ssl_policy": "",
            "tags": {},
            "tags_all": {},
            "tcp_idle_timeout_seconds": null,
            "timeouts": null
          },
          "sensitive_attributes": [],
          "private": "eyJlMmJmYjczMC1lY2FhLTExZTYtOGY4OC0zNDM2M2JjN2M0YzAiOnsiY3JlYXRlIjozMDAwMDAwMDAwMDAsInVwZGF0ZSI6MzAwMDAwMDAwMDAwfX0=",
          "dependencies": [
            "aws_lb.application_lb",
            "aws_lb_target_group.tg",
            "aws_security_group.alb_sg",
            "aws_subnet.public_subnets",
            "aws_vpc.test_vpc"
          ]
        }
      ]
    },
    {
      "mode": "managed",
      "type": "aws_lb_target_group",
      "name": "tg",
      "provider": "provider[\"registry.terraform.io/hashicorp/aws\"]",
      "instances": [
        {
          "schema_version": 0,
          "attributes": {
            "arn": "arn:aws:elasticloadbalancing:eu-central-1:703671923213:targetgroup/alb-target-group/4d409aac01b1e887",
            "arn_suffix": "targetgroup/alb-target-group/4d409aac01b1e887",
            "connection_termination": null,
            "deregistration_delay": "1000",
            "health_check": [
              {
                "enabled": true,
                "healthy_threshold": 3,
                "interval": 30,
                "matcher": "200",
                "path": "/",
                "port": "80",
                "protocol": "HTTP",
                "timeout": 5,
                "unhealthy_threshold": 3
              }
            ],
            "id": "arn:aws:elasticloadbalancing:eu-central-1:703671923213:targetgroup/alb-target-group/4d409aac01b1e887",
            "ip_address_type": "ipv4",
            "lambda_multi_value_headers_enabled": false,
            "load_balancer_arns": [
              "arn:aws:elasticloadbalancing:eu-central-1:703671923213:loadbalancer/app/test-application-lb/0240d2900d4241a3"
            ],
            "load_balancing_algorithm_type": "round_robin",
            "load_balancing_anomaly_mitigation": "off",
            "load_balancing_cross_zone_enabled": "use_load_balancer_configuration",
            "name": "alb-target-group",
            "name_prefix": "",
            "port": 80,
            "preserve_client_ip": null,
            "protocol": "HTTP",
            "protocol_version": "HTTP1",
            "proxy_protocol_v2": false,
            "slow_start": 30,
            "stickiness": [
              {
                "cookie_duration": 86400,
                "cookie_name": "",
                "enabled": false,
                "type": "lb_cookie"
              }
            ],
            "tags": {},
            "tags_all": {},
            "target_failover": [
              {
                "on_deregistration": null,
                "on_unhealthy": null
              }
            ],
            "target_group_health": [
              {
                "dns_failover": [
                  {
                    "minimum_healthy_targets_count": "1",
                    "minimum_healthy_targets_percentage": "off"
                  }
                ],
                "unhealthy_state_routing": [
                  {
                    "minimum_healthy_targets_count": 1,
                    "minimum_healthy_targets_percentage": "off"
                  }
                ]
              }
            ],
            "target_health_state": [
              {
                "enable_unhealthy_connection_termination": null,
                "unhealthy_draining_interval": null
              }
            ],
            "target_type": "instance",
            "vpc_id": "vpc-048d9241b9df9927e"
          },
          "sensitive_attributes": [],
          "private": "bnVsbA==",
          "dependencies": [
            "aws_vpc.test_vpc"
          ]
        }
      ]
    },
    {
      "mode": "managed",
      "type": "aws_lb_target_group_attachment",
      "name": "instance_1_attachment",
      "provider": "provider[\"registry.terraform.io/hashicorp/aws\"]",
      "instances": [
        {
          "schema_version": 0,
          "attributes": {
            "availability_zone": null,
            "id": "arn:aws:elasticloadbalancing:eu-central-1:703671923213:targetgroup/alb-target-group/4d409aac01b1e887-20250124193519292000000001",
            "port": 80,
            "target_group_arn": "arn:aws:elasticloadbalancing:eu-central-1:703671923213:targetgroup/alb-target-group/4d409aac01b1e887",
            "target_id": "i-06468dbe2e6f6c8a3"
          },
          "sensitive_attributes": [],
          "private": "bnVsbA==",
          "dependencies": [
            "aws_instance.public_instance",
            "aws_key_pair.key_pair",
            "aws_lb_target_group.tg",
            "aws_subnet.public_subnets",
            "aws_vpc.test_vpc",
            "tls_private_key.rsa-4096"
          ]
        }
      ]
    },
    {
      "mode": "managed",
      "type": "aws_lb_target_group_attachment",
      "name": "instance_2_attachment",
      "provider": "provider[\"registry.terraform.io/hashicorp/aws\"]",
      "instances": [
        {
          "schema_version": 0,
          "attributes": {
            "availability_zone": null,
            "id": "arn:aws:elasticloadbalancing:eu-central-1:703671923213:targetgroup/alb-target-group/4d409aac01b1e887-20250124194154623300000002",
            "port": 80,
            "target_group_arn": "arn:aws:elasticloadbalancing:eu-central-1:703671923213:targetgroup/alb-target-group/4d409aac01b1e887",
            "target_id": "i-06c25a3b57f605cbd"
          },
          "sensitive_attributes": [],
          "private": "bnVsbA==",
          "dependencies": [
            "aws_instance.public_instance-2",
            "aws_key_pair.key_pair",
            "aws_lb_target_group.tg",
            "aws_subnet.public_subnets",
            "aws_vpc.test_vpc",
            "tls_private_key.rsa-4096"
          ]
        }
      ]
    },
    {
      "mode": "managed",
      "type": "aws_nat_gateway",
      "name": "nat_gw",
      "provider": "provider[\"registry.terraform.io/hashicorp/aws\"]",
      "instances": [
        {
          "schema_version": 0,
          "attributes": {
            "allocation_id": "eipalloc-0c53b66c73ce32e51",
            "association_id": "eipassoc-0104e51249aa240b1",
            "connectivity_type": "public",
            "id": "nat-0b6b8993503414194",
            "network_interface_id": "eni-0d6812284f8163888",
            "private_ip": "10.0.1.145",
            "public_ip": "3.79.91.58",
            "secondary_allocation_ids": [],
            "secondary_private_ip_address_count": 0,
            "secondary_private_ip_addresses": [],
            "subnet_id": "subnet-0d3a07353d43ad002",
            "tags": {
              "Name": "NAT Gateway"
            },
            "tags_all": {
              "Name": "NAT Gateway"
            },
            "timeouts": null
          },
          "sensitive_attributes": [],
          "private": "eyJlMmJmYjczMC1lY2FhLTExZTYtOGY4OC0zNDM2M2JjN2M0YzAiOnsiY3JlYXRlIjo2MDAwMDAwMDAwMDAsImRlbGV0ZSI6MTgwMDAwMDAwMDAwMCwidXBkYXRlIjo2MDAwMDAwMDAwMDB9fQ==",
          "dependencies": [
            "aws_eip.nat_eip",
            "aws_subnet.public_subnets",
            "aws_vpc.test_vpc"
          ]
        }
      ]
    },
    {
      "mode": "managed",
      "type": "aws_route_table",
      "name": "private_rt",
      "provider": "provider[\"registry.terraform.io/hashicorp/aws\"]",
      "instances": [
        {
          "schema_version": 0,
          "attributes": {
            "arn": "arn:aws:ec2:eu-central-1:703671923213:route-table/rtb-0ecba3238d06f53a7",
            "id": "rtb-0ecba3238d06f53a7",
            "owner_id": "703671923213",
            "propagating_vgws": [],
            "route": [
              {
                "carrier_gateway_id": "",
                "cidr_block": "0.0.0.0/0",
                "core_network_arn": "",
                "destination_prefix_list_id": "",
                "egress_only_gateway_id": "",
                "gateway_id": "",
                "ipv6_cidr_block": "",
                "local_gateway_id": "",
                "nat_gateway_id": "nat-0b6b8993503414194",
                "network_interface_id": "",
                "transit_gateway_id": "",
                "vpc_endpoint_id": "",
                "vpc_peering_connection_id": ""
              }
            ],
            "tags": {
              "Name": "terraform-test-private-rt"
            },
            "tags_all": {
              "Name": "terraform-test-private-rt"
            },
            "timeouts": null,
            "vpc_id": "vpc-048d9241b9df9927e"
          },
          "sensitive_attributes": [],
          "private": "eyJlMmJmYjczMC1lY2FhLTExZTYtOGY4OC0zNDM2M2JjN2M0YzAiOnsiY3JlYXRlIjozMDAwMDAwMDAwMDAsImRlbGV0ZSI6MzAwMDAwMDAwMDAwLCJ1cGRhdGUiOjEyMDAwMDAwMDAwMH19",
          "dependencies": [
            "aws_vpc.test_vpc"
          ]
        }
      ]
    },
    {
      "mode": "managed",
      "type": "aws_route_table",
      "name": "public_rt",
      "provider": "provider[\"registry.terraform.io/hashicorp/aws\"]",
      "instances": [
        {
          "schema_version": 0,
          "attributes": {
            "arn": "arn:aws:ec2:eu-central-1:703671923213:route-table/rtb-0de166ea761c92f8d",
            "id": "rtb-0de166ea761c92f8d",
            "owner_id": "703671923213",
            "propagating_vgws": [],
            "route": [
              {
                "carrier_gateway_id": "",
                "cidr_block": "0.0.0.0/0",
                "core_network_arn": "",
                "destination_prefix_list_id": "",
                "egress_only_gateway_id": "",
                "gateway_id": "igw-0c47d1136acdbb95a",
                "ipv6_cidr_block": "",
                "local_gateway_id": "",
                "nat_gateway_id": "",
                "network_interface_id": "",
                "transit_gateway_id": "",
                "vpc_endpoint_id": "",
                "vpc_peering_connection_id": ""
              }
            ],
            "tags": {
              "Name": "terraform-test-public-rt"
            },
            "tags_all": {
              "Name": "terraform-test-public-rt"
            },
            "timeouts": null,
            "vpc_id": "vpc-048d9241b9df9927e"
          },
          "sensitive_attributes": [],
          "private": "eyJlMmJmYjczMC1lY2FhLTExZTYtOGY4OC0zNDM2M2JjN2M0YzAiOnsiY3JlYXRlIjozMDAwMDAwMDAwMDAsImRlbGV0ZSI6MzAwMDAwMDAwMDAwLCJ1cGRhdGUiOjEyMDAwMDAwMDAwMH19",
          "dependencies": [
            "aws_internet_gateway.igw",
            "aws_vpc.test_vpc"
          ]
        }
      ]
    },
    {
      "mode": "managed",
      "type": "aws_route_table_association",
      "name": "private_subnets_assoc",
      "provider": "provider[\"registry.terraform.io/hashicorp/aws\"]",
      "instances": [
        {
          "index_key": "terraform-test-subnet-c",
          "schema_version": 0,
          "attributes": {
            "gateway_id": "",
            "id": "rtbassoc-0845b4a05199d6e4e",
            "route_table_id": "rtb-0ecba3238d06f53a7",
            "subnet_id": "subnet-0a734a483c4e64e00",
            "timeouts": null
          },
          "sensitive_attributes": [],
          "private": "eyJlMmJmYjczMC1lY2FhLTExZTYtOGY4OC0zNDM2M2JjN2M0YzAiOnsiY3JlYXRlIjozMDAwMDAwMDAwMDAsImRlbGV0ZSI6MzAwMDAwMDAwMDAwLCJ1cGRhdGUiOjEyMDAwMDAwMDAwMH19",
          "dependencies": [
            "aws_route_table.private_rt",
            "aws_subnet.private_subnets",
            "aws_vpc.test_vpc"
          ]
        },
        {
          "index_key": "terraform-test-subnet-d",
          "schema_version": 0,
          "attributes": {
            "gateway_id": "",
            "id": "rtbassoc-0c3950911497ba0ba",
            "route_table_id": "rtb-0ecba3238d06f53a7",
            "subnet_id": "subnet-030a372c5fef22ef9",
            "timeouts": null
          },
          "sensitive_attributes": [],
          "private": "eyJlMmJmYjczMC1lY2FhLTExZTYtOGY4OC0zNDM2M2JjN2M0YzAiOnsiY3JlYXRlIjozMDAwMDAwMDAwMDAsImRlbGV0ZSI6MzAwMDAwMDAwMDAwLCJ1cGRhdGUiOjEyMDAwMDAwMDAwMH19",
          "dependencies": [
            "aws_route_table.private_rt",
            "aws_subnet.private_subnets",
            "aws_vpc.test_vpc"
          ]
        }
      ]
    },
    {
      "mode": "managed",
      "type": "aws_route_table_association",
      "name": "public_subnets_assoc",
      "provider": "provider[\"registry.terraform.io/hashicorp/aws\"]",
      "instances": [
        {
          "index_key": "terraform-test-subnet-a",
          "schema_version": 0,
          "attributes": {
            "gateway_id": "",
            "id": "rtbassoc-0d9c60cb382d492d4",
            "route_table_id": "rtb-0de166ea761c92f8d",
            "subnet_id": "subnet-0d3a07353d43ad002",
            "timeouts": null
          },
          "sensitive_attributes": [],
          "private": "eyJlMmJmYjczMC1lY2FhLTExZTYtOGY4OC0zNDM2M2JjN2M0YzAiOnsiY3JlYXRlIjozMDAwMDAwMDAwMDAsImRlbGV0ZSI6MzAwMDAwMDAwMDAwLCJ1cGRhdGUiOjEyMDAwMDAwMDAwMH19",
          "dependencies": [
            "aws_internet_gateway.igw",
            "aws_route_table.public_rt",
            "aws_subnet.public_subnets",
            "aws_vpc.test_vpc"
          ]
        },
        {
          "index_key": "terraform-test-subnet-b",
          "schema_version": 0,
          "attributes": {
            "gateway_id": "",
            "id": "rtbassoc-0df8b11e8cda8aa7d",
            "route_table_id": "rtb-0de166ea761c92f8d",
            "subnet_id": "subnet-00a311d2de6c2431f",
            "timeouts": null
          },
          "sensitive_attributes": [],
          "private": "eyJlMmJmYjczMC1lY2FhLTExZTYtOGY4OC0zNDM2M2JjN2M0YzAiOnsiY3JlYXRlIjozMDAwMDAwMDAwMDAsImRlbGV0ZSI6MzAwMDAwMDAwMDAwLCJ1cGRhdGUiOjEyMDAwMDAwMDAwMH19",
          "dependencies": [
            "aws_internet_gateway.igw",
            "aws_route_table.public_rt",
            "aws_subnet.public_subnets",
            "aws_vpc.test_vpc"
          ]
        }
      ]
    },
    {
      "mode": "managed",
      "type": "aws_s3_bucket",
      "name": "test_bucket",
      "provider": "provider[\"registry.terraform.io/hashicorp/aws\"]",
      "instances": [
        {
          "schema_version": 0,
          "attributes": {
            "acceleration_status": "",
            "acl": null,
            "arn": "arn:aws:s3:::terraform-test-bucket-826",
            "bucket": "terraform-test-bucket-826",
            "bucket_domain_name": "terraform-test-bucket-826.s3.amazonaws.com",
            "bucket_prefix": "",
            "bucket_regional_domain_name": "terraform-test-bucket-826.s3.eu-central-1.amazonaws.com",
            "cors_rule": [],
            "force_destroy": false,
            "grant": [
              {
                "id": "71334afee9fb3355c0ec4bf6fb94576ea1b45c4c8e5e86992222246e70b3a1bb",
                "permissions": [
                  "FULL_CONTROL"
                ],
                "type": "CanonicalUser",
                "uri": ""
              }
            ],
            "hosted_zone_id": "Z21DNDUVLTQW6Q",
            "id": "terraform-test-bucket-826",
            "lifecycle_rule": [],
            "logging": [],
            "object_lock_configuration": [],
            "object_lock_enabled": false,
            "policy": "",
            "region": "eu-central-1",
            "replication_configuration": [],
            "request_payer": "BucketOwner",
            "server_side_encryption_configuration": [
              {
                "rule": [
                  {
                    "apply_server_side_encryption_by_default": [
                      {
                        "kms_master_key_id": "",
                        "sse_algorithm": "AES256"
                      }
                    ],
                    "bucket_key_enabled": false
                  }
                ]
              }
            ],
            "tags": {
              "Name": "Terraform Test Bucket"
            },
            "tags_all": {
              "Name": "Terraform Test Bucket"
            },
            "timeouts": null,
            "versioning": [
              {
                "enabled": false,
                "mfa_delete": false
              }
            ],
            "website": [],
            "website_domain": null,
            "website_endpoint": null
          },
          "sensitive_attributes": [],
          "private": "eyJlMmJmYjczMC1lY2FhLTExZTYtOGY4OC0zNDM2M2JjN2M0YzAiOnsiY3JlYXRlIjoxMjAwMDAwMDAwMDAwLCJkZWxldGUiOjM2MDAwMDAwMDAwMDAsInJlYWQiOjEyMDAwMDAwMDAwMDAsInVwZGF0ZSI6MTIwMDAwMDAwMDAwMH19",
          "dependencies": [
            "random_integer.intiger"
          ]
        }
      ]
    },
    {
      "mode": "managed",
      "type": "aws_security_group",
      "name": "alb_sg",
      "provider": "provider[\"registry.terraform.io/hashicorp/aws\"]",
      "instances": [
        {
          "schema_version": 1,
          "attributes": {
            "arn": "arn:aws:ec2:eu-central-1:703671923213:security-group/sg-0e400ec7a7952eff7",
            "description": "Allow HTTP and HTTPS traffic",
            "egress": [
              {
                "cidr_blocks": [
                  "0.0.0.0/0"
                ],
                "description": "",
                "from_port": 0,
                "ipv6_cidr_blocks": [],
                "prefix_list_ids": [],
                "protocol": "-1",
                "security_groups": [],
                "self": false,
                "to_port": 0
              }
            ],
            "id": "sg-0e400ec7a7952eff7",
            "ingress": [
              {
                "cidr_blocks": [
                  "0.0.0.0/0"
                ],
                "description": "",
                "from_port": 443,
                "ipv6_cidr_blocks": [],
                "prefix_list_ids": [],
                "protocol": "tcp",
                "security_groups": [],
                "self": false,
                "to_port": 443
              },
              {
                "cidr_blocks": [
                  "0.0.0.0/0"
                ],
                "description": "",
                "from_port": 80,
                "ipv6_cidr_blocks": [],
                "prefix_list_ids": [],
                "protocol": "tcp",
                "security_groups": [],
                "self": false,
                "to_port": 80
              }
            ],
            "name": "alb-sg",
            "name_prefix": "",
            "owner_id": "703671923213",
            "revoke_rules_on_delete": false,
            "tags": {},
            "tags_all": {},
            "timeouts": null,
            "vpc_id": "vpc-048d9241b9df9927e"
          },
          "sensitive_attributes": [],
          "private": "eyJlMmJmYjczMC1lY2FhLTExZTYtOGY4OC0zNDM2M2JjN2M0YzAiOnsiY3JlYXRlIjo2MDAwMDAwMDAwMDAsImRlbGV0ZSI6OTAwMDAwMDAwMDAwfSwic2NoZW1hX3ZlcnNpb24iOiIxIn0=",
          "dependencies": [
            "aws_vpc.test_vpc"
          ]
        }
      ]
    },
    {
      "mode": "managed",
      "type": "aws_security_group",
      "name": "sg",
      "provider": "provider[\"registry.terraform.io/hashicorp/aws\"]",
      "instances": [
        {
          "schema_version": 1,
          "attributes": {
            "arn": "arn:aws:ec2:eu-central-1:703671923213:security-group/sg-08c3f344a207d819c",
            "description": "Allow SSH and HTTP access",
            "egress": [],
            "id": "sg-08c3f344a207d819c",
            "ingress": [
              {
                "cidr_blocks": [
                  "0.0.0.0/0"
                ],
                "description": "",
                "from_port": 22,
                "ipv6_cidr_blocks": [],
                "prefix_list_ids": [],
                "protocol": "tcp",
                "security_groups": [],
                "self": false,
                "to_port": 22
              },
              {
                "cidr_blocks": [
                  "0.0.0.0/0"
                ],
                "description": "",
                "from_port": 443,
                "ipv6_cidr_blocks": [],
                "prefix_list_ids": [],
                "protocol": "tcp",
                "security_groups": [],
                "self": false,
                "to_port": 443
              },
              {
                "cidr_blocks": [
                  "0.0.0.0/0"
                ],
                "description": "",
                "from_port": 80,
                "ipv6_cidr_blocks": [],
                "prefix_list_ids": [],
                "protocol": "tcp",
                "security_groups": [],
                "self": false,
                "to_port": 80
              }
            ],
            "name": "WebServer-SG",
            "name_prefix": "",
            "owner_id": "703671923213",
            "revoke_rules_on_delete": false,
            "tags": {},
            "tags_all": {},
            "timeouts": null,
            "vpc_id": "vpc-048d9241b9df9927e"
          },
          "sensitive_attributes": [],
          "private": "eyJlMmJmYjczMC1lY2FhLTExZTYtOGY4OC0zNDM2M2JjN2M0YzAiOnsiY3JlYXRlIjo2MDAwMDAwMDAwMDAsImRlbGV0ZSI6OTAwMDAwMDAwMDAwfSwic2NoZW1hX3ZlcnNpb24iOiIxIn0=",
          "dependencies": [
            "aws_vpc.test_vpc"
          ],
          "create_before_destroy": true
        }
      ]
    },
    {
      "mode": "managed",
      "type": "aws_subnet",
      "name": "private_subnets",
      "provider": "provider[\"registry.terraform.io/hashicorp/aws\"]",
      "instances": [
        {
          "index_key": "terraform-test-subnet-c",
          "schema_version": 1,
          "attributes": {
            "arn": "arn:aws:ec2:eu-central-1:703671923213:subnet/subnet-0a734a483c4e64e00",
            "assign_ipv6_address_on_creation": false,
            "availability_zone": "eu-central-1a",
            "availability_zone_id": "euc1-az2",
            "cidr_block": "10.0.3.0/24",
            "customer_owned_ipv4_pool": "",
            "enable_dns64": false,
            "enable_lni_at_device_index": 0,
            "enable_resource_name_dns_a_record_on_launch": false,
            "enable_resource_name_dns_aaaa_record_on_launch": false,
            "id": "subnet-0a734a483c4e64e00",
            "ipv6_cidr_block": "",
            "ipv6_cidr_block_association_id": "",
            "ipv6_native": false,
            "map_customer_owned_ip_on_launch": false,
            "map_public_ip_on_launch": false,
            "outpost_arn": "",
            "owner_id": "703671923213",
            "private_dns_hostname_type_on_launch": "ip-name",
            "tags": {
              "Name": "terraform-test-subnet-c",
              "env": "Test"
            },
            "tags_all": {
              "Name": "terraform-test-subnet-c",
              "env": "Test"
            },
            "timeouts": null,
            "vpc_id": "vpc-048d9241b9df9927e"
          },
          "sensitive_attributes": [],
          "private": "eyJlMmJmYjczMC1lY2FhLTExZTYtOGY4OC0zNDM2M2JjN2M0YzAiOnsiY3JlYXRlIjo2MDAwMDAwMDAwMDAsImRlbGV0ZSI6MTIwMDAwMDAwMDAwMH0sInNjaGVtYV92ZXJzaW9uIjoiMSJ9",
          "dependencies": [
            "aws_vpc.test_vpc"
          ]
        },
        {
          "index_key": "terraform-test-subnet-d",
          "schema_version": 1,
          "attributes": {
            "arn": "arn:aws:ec2:eu-central-1:703671923213:subnet/subnet-030a372c5fef22ef9",
            "assign_ipv6_address_on_creation": false,
            "availability_zone": "eu-central-1b",
            "availability_zone_id": "euc1-az3",
            "cidr_block": "10.0.4.0/24",
            "customer_owned_ipv4_pool": "",
            "enable_dns64": false,
            "enable_lni_at_device_index": 0,
            "enable_resource_name_dns_a_record_on_launch": false,
            "enable_resource_name_dns_aaaa_record_on_launch": false,
            "id": "subnet-030a372c5fef22ef9",
            "ipv6_cidr_block": "",
            "ipv6_cidr_block_association_id": "",
            "ipv6_native": false,
            "map_customer_owned_ip_on_launch": false,
            "map_public_ip_on_launch": false,
            "outpost_arn": "",
            "owner_id": "703671923213",
            "private_dns_hostname_type_on_launch": "ip-name",
            "tags": {
              "Name": "terraform-test-subnet-d",
              "env": "Test"
            },
            "tags_all": {
              "Name": "terraform-test-subnet-d",
              "env": "Test"
            },
            "timeouts": null,
            "vpc_id": "vpc-048d9241b9df9927e"
          },
          "sensitive_attributes": [],
          "private": "eyJlMmJmYjczMC1lY2FhLTExZTYtOGY4OC0zNDM2M2JjN2M0YzAiOnsiY3JlYXRlIjo2MDAwMDAwMDAwMDAsImRlbGV0ZSI6MTIwMDAwMDAwMDAwMH0sInNjaGVtYV92ZXJzaW9uIjoiMSJ9",
          "dependencies": [
            "aws_vpc.test_vpc"
          ]
        }
      ]
    },
    {
      "mode": "managed",
      "type": "aws_subnet",
      "name": "public_subnets",
      "provider": "provider[\"registry.terraform.io/hashicorp/aws\"]",
      "instances": [
        {
          "index_key": "terraform-test-subnet-a",
          "schema_version": 1,
          "attributes": {
            "arn": "arn:aws:ec2:eu-central-1:703671923213:subnet/subnet-0d3a07353d43ad002",
            "assign_ipv6_address_on_creation": false,
            "availability_zone": "eu-central-1a",
            "availability_zone_id": "euc1-az2",
            "cidr_block": "10.0.1.0/24",
            "customer_owned_ipv4_pool": "",
            "enable_dns64": false,
            "enable_lni_at_device_index": 0,
            "enable_resource_name_dns_a_record_on_launch": true,
            "enable_resource_name_dns_aaaa_record_on_launch": false,
            "id": "subnet-0d3a07353d43ad002",
            "ipv6_cidr_block": "",
            "ipv6_cidr_block_association_id": "",
            "ipv6_native": false,
            "map_customer_owned_ip_on_launch": false,
            "map_public_ip_on_launch": true,
            "outpost_arn": "",
            "owner_id": "703671923213",
            "private_dns_hostname_type_on_launch": "ip-name",
            "tags": {
              "Name": "terraform-test-subnet-a",
              "env": "Test"
            },
            "tags_all": {
              "Name": "terraform-test-subnet-a",
              "env": "Test"
            },
            "timeouts": null,
            "vpc_id": "vpc-048d9241b9df9927e"
          },
          "sensitive_attributes": [],
          "private": "eyJlMmJmYjczMC1lY2FhLTExZTYtOGY4OC0zNDM2M2JjN2M0YzAiOnsiY3JlYXRlIjo2MDAwMDAwMDAwMDAsImRlbGV0ZSI6MTIwMDAwMDAwMDAwMH0sInNjaGVtYV92ZXJzaW9uIjoiMSJ9",
          "dependencies": [
            "aws_vpc.test_vpc"
          ]
        },
        {
          "index_key": "terraform-test-subnet-b",
          "schema_version": 1,
          "attributes": {
            "arn": "arn:aws:ec2:eu-central-1:703671923213:subnet/subnet-00a311d2de6c2431f",
            "assign_ipv6_address_on_creation": false,
            "availability_zone": "eu-central-1b",
            "availability_zone_id": "euc1-az3",
            "cidr_block": "10.0.2.0/24",
            "customer_owned_ipv4_pool": "",
            "enable_dns64": false,
            "enable_lni_at_device_index": 0,
            "enable_resource_name_dns_a_record_on_launch": true,
            "enable_resource_name_dns_aaaa_record_on_launch": false,
            "id": "subnet-00a311d2de6c2431f",
            "ipv6_cidr_block": "",
            "ipv6_cidr_block_association_id": "",
            "ipv6_native": false,
            "map_customer_owned_ip_on_launch": false,
            "map_public_ip_on_launch": true,
            "outpost_arn": "",
            "owner_id": "703671923213",
            "private_dns_hostname_type_on_launch": "ip-name",
            "tags": {
              "Name": "terraform-test-subnet-b",
              "env": "Test"
            },
            "tags_all": {
              "Name": "terraform-test-subnet-b",
              "env": "Test"
            },
            "timeouts": null,
            "vpc_id": "vpc-048d9241b9df9927e"
          },
          "sensitive_attributes": [],
          "private": "eyJlMmJmYjczMC1lY2FhLTExZTYtOGY4OC0zNDM2M2JjN2M0YzAiOnsiY3JlYXRlIjo2MDAwMDAwMDAwMDAsImRlbGV0ZSI6MTIwMDAwMDAwMDAwMH0sInNjaGVtYV92ZXJzaW9uIjoiMSJ9",
          "dependencies": [
            "aws_vpc.test_vpc"
          ]
        }
      ]
    },
    {
      "mode": "managed",
      "type": "aws_vpc",
      "name": "test_vpc",
      "provider": "provider[\"registry.terraform.io/hashicorp/aws\"]",
      "instances": [
        {
          "schema_version": 1,
          "attributes": {
            "arn": "arn:aws:ec2:eu-central-1:703671923213:vpc/vpc-048d9241b9df9927e",
            "assign_generated_ipv6_cidr_block": false,
            "cidr_block": "10.0.0.0/16",
            "default_network_acl_id": "acl-0c2474397e8feb8bc",
            "default_route_table_id": "rtb-009ff8dcfec9306b3",
            "default_security_group_id": "sg-0ba2f3c550a9db42e",
            "dhcp_options_id": "dopt-081d1417ce5269846",
            "enable_dns_hostnames": true,
            "enable_dns_support": true,
            "enable_network_address_usage_metrics": false,
            "id": "vpc-048d9241b9df9927e",
            "instance_tenancy": "default",
            "ipv4_ipam_pool_id": null,
            "ipv4_netmask_length": null,
            "ipv6_association_id": "",
            "ipv6_cidr_block": "",
            "ipv6_cidr_block_network_border_group": "",
            "ipv6_ipam_pool_id": "",
            "ipv6_netmask_length": 0,
            "main_route_table_id": "rtb-009ff8dcfec9306b3",
            "owner_id": "703671923213",
            "tags": {
              "Name": "terraform-test-vpc"
            },
            "tags_all": {
              "Name": "terraform-test-vpc"
            }
          },
          "sensitive_attributes": [],
          "private": "eyJzY2hlbWFfdmVyc2lvbiI6IjEifQ==",
          "create_before_destroy": true
        }
      ]
    },
    {
      "mode": "managed",
      "type": "local_file",
      "name": "private_key",
      "provider": "provider[\"registry.terraform.io/hashicorp/local\"]",
      "instances": [
        {
          "schema_version": 0,
          "attributes": {
            "content": "-----BEGIN RSA PRIVATE KEY-----\nMIIJKgIBAAKCAgEAuQzGiECZR/eUIOkuaNPKuSH6Fs0Q0y5Jv4YgL7Esa88g1Lj/\nqkRMJ9cdXsEfMrrUmdSCorXB1e96TiSLWRWP8OPjrXpKI6/T0eW1TBZiPNCCBNJ1\nd7iPtxYN4eXLybRDf41IBc0zY0r+fUIclhj3Ql6fXH+fqTg0gNv7sKOtvZY7WXb+\nYJnkz7jH3A1Iz+7djDSiaU4BrVWyRUw2/VA4pmHKYsJ42rwXyyRGIw7QYPKyZfvj\nUrc2P1Z3y7gS3Fb7wUGNlwXX+74FVoY6vZdXzs7LF1Y0sbj0BIxPnBQj4c0nFPNo\nHGsDqx+krhTAvSo23tYQ/llQwdQoOkD7SVSJp+mFGsZJ8t0zkqkeSmhBdkh6dihM\nHN3e9S7twVwpaDKnL80pU1mSFBJQBR8AAVGv/UIS7VISBUXyIUN3GklKsyG0Osin\nsl7JUGcNrQcPKP3SXwUcao8qsh2RskCaefvYQYFB6Lk/Kv58PGPYu6SIuwR2ecvf\njIoTwf/ZZp9pOIfksgUG6RIR//4ToC3u0bTSoTsRRxNLLsSSH1F8YdrtJI4ZAnkv\nFaRPtGL72boJj2y4qAytRJ7mjKTkD05MuOODnHtghE0q9DbpRIhAcCAqRd5zI54d\nfPBWq3yRcZXHDY92+wuSBJ+AxMq2yc4hs7AW9/qLqZYvEjOUCQiSbznKcT0CAwEA\nAQKCAgEAmNo6q5Vgh5eznbO/CAvZqi6sm2Tr/uR/OlqZ/4sDvFGtNslRNd2QYmBH\n/FrdYFP/BMoK1kf4QrS7fAynpgAvk7VJ/aPD1dKIzxpFNQJQRxecLkuBiFDFNWBc\nOzpLqOLj1lpnIZOsXNo3eFPBtSIOK55pWEh7I5YvmDkdn3y0KKQNhgrKeBTmccaa\nH+RBPrB6BDP966nprLnatW8NBRTclmK0f/tPRK6VoNDntlGoQkx2m9MCpPJ9Nrg/\n3+C+g46+CZYSVKsZCvKdCil6H90BROx/yVkF0b+KoK8dmzjvoraJD783QjILJ7DN\noJW31wklpc+A3ff8wv5x9Bx09M+Fm+uhWjJlSXWgAIRE2FA/NC1mhmqK9LiMAe8r\n0i98iQ97KHQQ6w0kPOhmGFI1FbXHx3dRJp+4MJtPrCOldfWeSmis5xDqJZrgERRo\nF22VsNqjsK4ilxysCaSKNsqw5G0NVrAUqvERV4C0ykBEvFVuD0oxAjtbdqMm8Jm8\n4jo9tfeQEOJ7tSd2F9hL0TdxpPofE3EfrerRlnFlSBLyp9bdVcmBroOc1xj6DalU\nihuC6N9+5XiKO4fU1xl/riWta1ia8MlvjJ6rI8aklxsy1L3NMFiqE7C9ZQEZOcDc\n0DpwBwoPGSuXaGLWiJEKcjFXIQV6s6KVSdEWZMHKejKPW4cj5ukCggEBANXFRrnI\nN9oh/gFIrcDmumNunJcocuxAf4z72ybKbI/FyBZ6lIKnDFPtawAAbUHD0aHhsZqo\ndlXWN60G8Clm9l1uXwAGhHujZu9cvuyKW7fmjsUIbjMGeWZkh4o9/CJUZ1ddCqeA\n1/gNQat2RQHRmuIGEQM9fO161Tiv5ioUPsHA6KxC/zrvLi2k91RF4fqy1LSTejI2\n3Hpa/2I+N7ojFaWbKITMVr5Ic1TEO7oObd6Kvy5y1hdc61AI2bfHphPb1MJCsh56\noUfNKPCYTh9nILVPPgCGl4w08WOZBo5q1TTt4iTEHzDYxkrxs8nMkMaXlW/KnQ/t\n5Doo5RYh1TSu4KcCggEBAN2bDANalaEuSPsT0IQsQ8ZtaP4eE+A7UX9W1pPhq9Hs\ncWSPyLt5a54GSdcN12iacBZNEYeUTpjxU1wcy0ZHStJK/GoqrWejMWmTAXc2IMa/\nA5uur0CTTe1X2DSxhfcEBNmz3FSNsq7oXlFMDfaHxnsY2sBDn21k+SVWhaeohtpm\nEO6MjEa0zqmvNA6Gr94fBBcZXsaxoW4NlAVmRbNRE+XkpoGifUUwfO/nQ7uACu4O\naO6mFR9f8cBXyFAp6Y4hAaH7CMELDXTc/uNqbdWWOAoihhrO8gi/Ul8BGGqjyCv5\nHLW7vxQvnYmezbiMeTatIMipcJkOXzPOcxiiJtjul3sCggEBALpSgny3mIbWDfDM\nijWSZW75IB9YMCLfbM1TUAaVdN4zg1ykZwEh3MriKtsLhC9IIFW6w/SLVOkoF8sG\nOxm7Fo0FAGSjSaICIFwNOJQvXBYELPhrirGKuRGYGdNSh4rcil5JSFoLITKhS1XJ\ndghJy3ep1fY/B75ty57nIfQXRUPXgnVyx8d0ZYl/OdwINRkv+dmSmXVe//jdi67z\nj9r7bYi0njJxcEHWIEAH8g8POJA52rz/dr9SS/+sVyeqKoUwnFbdjyaluCE/Hqnl\n9mHEn2uor+ABb+HS23r2DBLh5weFOBDXqGAI8XytAwmm9aFCygtwTElwDfbrYhFS\nV+TdcA0CggEAO3w7JUtTjwiVnpAbEN+w8bq8zDnWrAJARiZRQzD4pkkJxyyxfWGC\nedDGUWvtvq52GAZoBjTRREzDS56PEjZg50Ipr3X1RjSQNv63DgEBm1f65/dkI7lm\n2acS6lIc28nAY4/cPPYsWLcXWktIFD0uEi0By0pbqUnJdzRafD7ItCdhtCcWIIS4\nVOQq3Rtaag15U5oDzuIvqxMKAMkLPK8u4C8YYwPzDHePkfZKQDKGvJAxqp36XYmr\noy3tH1eg0f4aKhjwqKEG46/O28zd3s+MC2xpAxk57w8sVUQ+AaIlQWiFRGM5T3nY\nl/CA2GEcyIiAnFyfVPZ+p7FrQ9mDBAhHsQKCAQEA0s1Pphht8TwGoRH7cAYxqBMF\n33g6ktIvTzaWjiVG2rmumMp7nzHneGUBS8Ot+bLPsz9ICoDHvNLyTM8ZxyzmhpcH\n88UFek70jT8BMsvdR7Xe4c3xiT1nutC32f5pt6PiPaDZNExTr1z/qXmjACJ3hNre\nakBC9UmLjPr1B82BA08ue0+Y6BpSIq5CgDGzT/68Laop1kUnyPp0s0aAHgxehQIP\ny3jetJcajeAlPMXRLH97MKW3FRyLJPYTzVzxCFwjyuD7nYElIdBGUzuNnuzoEl6/\nX2Wth9tW3tc1QL5eRZkZx0rQNEK3HhrVCgHon5HH5feTnTRZFrjhPjFQPhTmRQ==\n-----END RSA PRIVATE KEY-----\n",
            "content_base64": null,
            "content_base64sha256": "9d2gZFtNq6l1ezfr54N7R9DN6Zt8HKdlu525X2rU8rM=",
            "content_base64sha512": "VVR9q1Xqffbz4xX1Psn0mLW5BvYQEMapbMNFDXHLnHGMjSfEBh/I7rpHSsFunip9UyXRzV8qqrMiPDjrQaxvNg==",
            "content_md5": "4cd623dad110654d8cc4c784e362f7c8",
            "content_sha1": "4ce35afbfc13f31af1b47333de915ee005427878",
            "content_sha256": "f5dda0645b4daba9757b37ebe7837b47d0cde99b7c1ca765bb9db95f6ad4f2b3",
            "content_sha512": "55547dab55ea7df6f3e315f53ec9f498b5b906f61010c6a96cc3450d71cb9c718c8d27c4061fc8eeba474ac16e9e2a7d5325d1cd5f2aaab3223c38eb41ac6f36",
            "directory_permission": "0777",
            "file_permission": "0777",
            "filename": "admin-key",
            "id": "4ce35afbfc13f31af1b47333de915ee005427878",
            "sensitive_content": null,
            "source": null
          },
          "sensitive_attributes": [
            [
              {
                "type": "get_attr",
                "value": "content"
              }
            ]
          ],
          "dependencies": [
            "tls_private_key.rsa-4096"
          ]
        }
      ]
    },
    {
      "mode": "managed",
      "type": "random_integer",
      "name": "intiger",
      "provider": "provider[\"registry.terraform.io/hashicorp/random\"]",
      "instances": [
        {
          "schema_version": 0,
          "attributes": {
            "id": "826",
            "keepers": null,
            "max": 1000,
            "min": 500,
            "result": 826,
            "seed": null
          },
          "sensitive_attributes": []
        }
      ]
    },
    {
      "mode": "managed",
      "type": "tls_private_key",
      "name": "rsa-4096",
      "provider": "provider[\"registry.terraform.io/hashicorp/tls\"]",
      "instances": [
        {
          "schema_version": 1,
          "attributes": {
            "algorithm": "RSA",
            "ecdsa_curve": "P224",
            "id": "7ef46b9b2672d6cd9b2e9956368d894f93f2072e",
            "private_key_openssh": "-----BEGIN OPENSSH PRIVATE KEY-----\nb3BlbnNzaC1rZXktdjEAAAAABG5vbmUAAAAEbm9uZQAAAAAAAAABAAACFwAAAAdz\nc2gtcnNhAAAAAwEAAQAAAgEAuQzGiECZR/eUIOkuaNPKuSH6Fs0Q0y5Jv4YgL7Es\na88g1Lj/qkRMJ9cdXsEfMrrUmdSCorXB1e96TiSLWRWP8OPjrXpKI6/T0eW1TBZi\nPNCCBNJ1d7iPtxYN4eXLybRDf41IBc0zY0r+fUIclhj3Ql6fXH+fqTg0gNv7sKOt\nvZY7WXb+YJnkz7jH3A1Iz+7djDSiaU4BrVWyRUw2/VA4pmHKYsJ42rwXyyRGIw7Q\nYPKyZfvjUrc2P1Z3y7gS3Fb7wUGNlwXX+74FVoY6vZdXzs7LF1Y0sbj0BIxPnBQj\n4c0nFPNoHGsDqx+krhTAvSo23tYQ/llQwdQoOkD7SVSJp+mFGsZJ8t0zkqkeSmhB\ndkh6dihMHN3e9S7twVwpaDKnL80pU1mSFBJQBR8AAVGv/UIS7VISBUXyIUN3GklK\nsyG0Osinsl7JUGcNrQcPKP3SXwUcao8qsh2RskCaefvYQYFB6Lk/Kv58PGPYu6SI\nuwR2ecvfjIoTwf/ZZp9pOIfksgUG6RIR//4ToC3u0bTSoTsRRxNLLsSSH1F8Ydrt\nJI4ZAnkvFaRPtGL72boJj2y4qAytRJ7mjKTkD05MuOODnHtghE0q9DbpRIhAcCAq\nRd5zI54dfPBWq3yRcZXHDY92+wuSBJ+AxMq2yc4hs7AW9/qLqZYvEjOUCQiSbznK\ncT0AAAc4g+xcLIPsXCwAAAAHc3NoLXJzYQAAAgEAuQzGiECZR/eUIOkuaNPKuSH6\nFs0Q0y5Jv4YgL7Esa88g1Lj/qkRMJ9cdXsEfMrrUmdSCorXB1e96TiSLWRWP8OPj\nrXpKI6/T0eW1TBZiPNCCBNJ1d7iPtxYN4eXLybRDf41IBc0zY0r+fUIclhj3Ql6f\nXH+fqTg0gNv7sKOtvZY7WXb+YJnkz7jH3A1Iz+7djDSiaU4BrVWyRUw2/VA4pmHK\nYsJ42rwXyyRGIw7QYPKyZfvjUrc2P1Z3y7gS3Fb7wUGNlwXX+74FVoY6vZdXzs7L\nF1Y0sbj0BIxPnBQj4c0nFPNoHGsDqx+krhTAvSo23tYQ/llQwdQoOkD7SVSJp+mF\nGsZJ8t0zkqkeSmhBdkh6dihMHN3e9S7twVwpaDKnL80pU1mSFBJQBR8AAVGv/UIS\n7VISBUXyIUN3GklKsyG0Osinsl7JUGcNrQcPKP3SXwUcao8qsh2RskCaefvYQYFB\n6Lk/Kv58PGPYu6SIuwR2ecvfjIoTwf/ZZp9pOIfksgUG6RIR//4ToC3u0bTSoTsR\nRxNLLsSSH1F8YdrtJI4ZAnkvFaRPtGL72boJj2y4qAytRJ7mjKTkD05MuOODnHtg\nhE0q9DbpRIhAcCAqRd5zI54dfPBWq3yRcZXHDY92+wuSBJ+AxMq2yc4hs7AW9/qL\nqZYvEjOUCQiSbznKcT0AAAADAQABAAACAQCY2jqrlWCHl7Ods78IC9mqLqybZOv+\n5H86Wpn/iwO8Ua02yVE13ZBiYEf8Wt1gU/8EygrWR/hCtLt8DKemAC+TtUn9o8PV\n0ojPGkU1AlBHF5wuS4GIUMU1YFw7Okuo4uPWWmchk6xc2jd4U8G1Ig4rnmlYSHsj\nli+YOR2ffLQopA2GCsp4FOZxxpof5EE+sHoEM/3rqemsudq1bw0FFNyWYrR/+09E\nrpWg0Oe2UahCTHab0wKk8n02uD/f4L6Djr4JlhJUqxkK8p0KKXof3QFE7H/JWQXR\nv4qgrx2bOO+itokPvzdCMgsnsM2glbfXCSWlz4Dd9/zC/nH0HHT0z4Wb66FaMmVJ\ndaAAhETYUD80LWaGaor0uIwB7yvSL3yJD3sodBDrDSQ86GYYUjUVtcfHd1Emn7gw\nm0+sI6V19Z5KaKznEOolmuARFGgXbZWw2qOwriKXHKwJpIo2yrDkbQ1WsBSq8RFX\ngLTKQES8VW4PSjECO1t2oybwmbziOj2195AQ4nu1J3YX2EvRN3Gk+h8TcR+t6tGW\ncWVIEvKn1t1VyYGug5zXGPoNqVSKG4Lo337leIo7h9TXGX+uJa1rWJrwyW+Mnqsj\nxqSXGzLUvc0wWKoTsL1lARk5wNzQOnAHCg8ZK5doYtaIkQpyMVchBXqzopVJ0RZk\nwcp6Mo9bhyPm6QAAAQEA0s1Pphht8TwGoRH7cAYxqBMF33g6ktIvTzaWjiVG2rmu\nmMp7nzHneGUBS8Ot+bLPsz9ICoDHvNLyTM8ZxyzmhpcH88UFek70jT8BMsvdR7Xe\n4c3xiT1nutC32f5pt6PiPaDZNExTr1z/qXmjACJ3hNreakBC9UmLjPr1B82BA08u\ne0+Y6BpSIq5CgDGzT/68Laop1kUnyPp0s0aAHgxehQIPy3jetJcajeAlPMXRLH97\nMKW3FRyLJPYTzVzxCFwjyuD7nYElIdBGUzuNnuzoEl6/X2Wth9tW3tc1QL5eRZkZ\nx0rQNEK3HhrVCgHon5HH5feTnTRZFrjhPjFQPhTmRQAAAQEA1cVGucg32iH+AUit\nwOa6Y26clyhy7EB/jPvbJspsj8XIFnqUgqcMU+1rAABtQcPRoeGxmqh2VdY3rQbw\nKWb2XW5fAAaEe6Nm71y+7Ipbt+aOxQhuMwZ5ZmSHij38IlRnV10Kp4DX+A1Bq3ZF\nAdGa4gYRAz187XrVOK/mKhQ+wcDorEL/Ou8uLaT3VEXh+rLUtJN6Mjbcelr/Yj43\nuiMVpZsohMxWvkhzVMQ7ug5t3oq/LnLWF1zrUAjZt8emE9vUwkKyHnqhR80o8JhO\nH2cgtU8+AIaXjDTxY5kGjmrVNO3iJMQfMNjGSvGzycyQxpeVb8qdD+3kOijlFiHV\nNK7gpwAAAQEA3ZsMA1qVoS5I+xPQhCxDxm1o/h4T4DtRf1bWk+Gr0exxZI/Iu3lr\nngZJ1w3XaJpwFk0Rh5ROmPFTXBzLRkdK0kr8aiqtZ6MxaZMBdzYgxr8Dm66vQJNN\n7VfYNLGF9wQE2bPcVI2yruheUUwN9ofGexjawEOfbWT5JVaFp6iG2mYQ7oyMRrTO\nqa80Doav3h8EFxlexrGhbg2UBWZFs1ET5eSmgaJ9RTB87+dDu4AK7g5o7qYVH1/x\nwFfIUCnpjiEBofsIwQsNdNz+42pt1ZY4CiKGGs7yCL9SXwEYaqPIK/kctbu/FC+d\niZ7NuIx5Nq0gyKlwmQ5fM85zGKIm2O6XewAAAAAB\n-----END OPENSSH PRIVATE KEY-----\n",
            "private_key_pem": "-----BEGIN RSA PRIVATE KEY-----\nMIIJKgIBAAKCAgEAuQzGiECZR/eUIOkuaNPKuSH6Fs0Q0y5Jv4YgL7Esa88g1Lj/\nqkRMJ9cdXsEfMrrUmdSCorXB1e96TiSLWRWP8OPjrXpKI6/T0eW1TBZiPNCCBNJ1\nd7iPtxYN4eXLybRDf41IBc0zY0r+fUIclhj3Ql6fXH+fqTg0gNv7sKOtvZY7WXb+\nYJnkz7jH3A1Iz+7djDSiaU4BrVWyRUw2/VA4pmHKYsJ42rwXyyRGIw7QYPKyZfvj\nUrc2P1Z3y7gS3Fb7wUGNlwXX+74FVoY6vZdXzs7LF1Y0sbj0BIxPnBQj4c0nFPNo\nHGsDqx+krhTAvSo23tYQ/llQwdQoOkD7SVSJp+mFGsZJ8t0zkqkeSmhBdkh6dihM\nHN3e9S7twVwpaDKnL80pU1mSFBJQBR8AAVGv/UIS7VISBUXyIUN3GklKsyG0Osin\nsl7JUGcNrQcPKP3SXwUcao8qsh2RskCaefvYQYFB6Lk/Kv58PGPYu6SIuwR2ecvf\njIoTwf/ZZp9pOIfksgUG6RIR//4ToC3u0bTSoTsRRxNLLsSSH1F8YdrtJI4ZAnkv\nFaRPtGL72boJj2y4qAytRJ7mjKTkD05MuOODnHtghE0q9DbpRIhAcCAqRd5zI54d\nfPBWq3yRcZXHDY92+wuSBJ+AxMq2yc4hs7AW9/qLqZYvEjOUCQiSbznKcT0CAwEA\nAQKCAgEAmNo6q5Vgh5eznbO/CAvZqi6sm2Tr/uR/OlqZ/4sDvFGtNslRNd2QYmBH\n/FrdYFP/BMoK1kf4QrS7fAynpgAvk7VJ/aPD1dKIzxpFNQJQRxecLkuBiFDFNWBc\nOzpLqOLj1lpnIZOsXNo3eFPBtSIOK55pWEh7I5YvmDkdn3y0KKQNhgrKeBTmccaa\nH+RBPrB6BDP966nprLnatW8NBRTclmK0f/tPRK6VoNDntlGoQkx2m9MCpPJ9Nrg/\n3+C+g46+CZYSVKsZCvKdCil6H90BROx/yVkF0b+KoK8dmzjvoraJD783QjILJ7DN\noJW31wklpc+A3ff8wv5x9Bx09M+Fm+uhWjJlSXWgAIRE2FA/NC1mhmqK9LiMAe8r\n0i98iQ97KHQQ6w0kPOhmGFI1FbXHx3dRJp+4MJtPrCOldfWeSmis5xDqJZrgERRo\nF22VsNqjsK4ilxysCaSKNsqw5G0NVrAUqvERV4C0ykBEvFVuD0oxAjtbdqMm8Jm8\n4jo9tfeQEOJ7tSd2F9hL0TdxpPofE3EfrerRlnFlSBLyp9bdVcmBroOc1xj6DalU\nihuC6N9+5XiKO4fU1xl/riWta1ia8MlvjJ6rI8aklxsy1L3NMFiqE7C9ZQEZOcDc\n0DpwBwoPGSuXaGLWiJEKcjFXIQV6s6KVSdEWZMHKejKPW4cj5ukCggEBANXFRrnI\nN9oh/gFIrcDmumNunJcocuxAf4z72ybKbI/FyBZ6lIKnDFPtawAAbUHD0aHhsZqo\ndlXWN60G8Clm9l1uXwAGhHujZu9cvuyKW7fmjsUIbjMGeWZkh4o9/CJUZ1ddCqeA\n1/gNQat2RQHRmuIGEQM9fO161Tiv5ioUPsHA6KxC/zrvLi2k91RF4fqy1LSTejI2\n3Hpa/2I+N7ojFaWbKITMVr5Ic1TEO7oObd6Kvy5y1hdc61AI2bfHphPb1MJCsh56\noUfNKPCYTh9nILVPPgCGl4w08WOZBo5q1TTt4iTEHzDYxkrxs8nMkMaXlW/KnQ/t\n5Doo5RYh1TSu4KcCggEBAN2bDANalaEuSPsT0IQsQ8ZtaP4eE+A7UX9W1pPhq9Hs\ncWSPyLt5a54GSdcN12iacBZNEYeUTpjxU1wcy0ZHStJK/GoqrWejMWmTAXc2IMa/\nA5uur0CTTe1X2DSxhfcEBNmz3FSNsq7oXlFMDfaHxnsY2sBDn21k+SVWhaeohtpm\nEO6MjEa0zqmvNA6Gr94fBBcZXsaxoW4NlAVmRbNRE+XkpoGifUUwfO/nQ7uACu4O\naO6mFR9f8cBXyFAp6Y4hAaH7CMELDXTc/uNqbdWWOAoihhrO8gi/Ul8BGGqjyCv5\nHLW7vxQvnYmezbiMeTatIMipcJkOXzPOcxiiJtjul3sCggEBALpSgny3mIbWDfDM\nijWSZW75IB9YMCLfbM1TUAaVdN4zg1ykZwEh3MriKtsLhC9IIFW6w/SLVOkoF8sG\nOxm7Fo0FAGSjSaICIFwNOJQvXBYELPhrirGKuRGYGdNSh4rcil5JSFoLITKhS1XJ\ndghJy3ep1fY/B75ty57nIfQXRUPXgnVyx8d0ZYl/OdwINRkv+dmSmXVe//jdi67z\nj9r7bYi0njJxcEHWIEAH8g8POJA52rz/dr9SS/+sVyeqKoUwnFbdjyaluCE/Hqnl\n9mHEn2uor+ABb+HS23r2DBLh5weFOBDXqGAI8XytAwmm9aFCygtwTElwDfbrYhFS\nV+TdcA0CggEAO3w7JUtTjwiVnpAbEN+w8bq8zDnWrAJARiZRQzD4pkkJxyyxfWGC\nedDGUWvtvq52GAZoBjTRREzDS56PEjZg50Ipr3X1RjSQNv63DgEBm1f65/dkI7lm\n2acS6lIc28nAY4/cPPYsWLcXWktIFD0uEi0By0pbqUnJdzRafD7ItCdhtCcWIIS4\nVOQq3Rtaag15U5oDzuIvqxMKAMkLPK8u4C8YYwPzDHePkfZKQDKGvJAxqp36XYmr\noy3tH1eg0f4aKhjwqKEG46/O28zd3s+MC2xpAxk57w8sVUQ+AaIlQWiFRGM5T3nY\nl/CA2GEcyIiAnFyfVPZ+p7FrQ9mDBAhHsQKCAQEA0s1Pphht8TwGoRH7cAYxqBMF\n33g6ktIvTzaWjiVG2rmumMp7nzHneGUBS8Ot+bLPsz9ICoDHvNLyTM8ZxyzmhpcH\n88UFek70jT8BMsvdR7Xe4c3xiT1nutC32f5pt6PiPaDZNExTr1z/qXmjACJ3hNre\nakBC9UmLjPr1B82BA08ue0+Y6BpSIq5CgDGzT/68Laop1kUnyPp0s0aAHgxehQIP\ny3jetJcajeAlPMXRLH97MKW3FRyLJPYTzVzxCFwjyuD7nYElIdBGUzuNnuzoEl6/\nX2Wth9tW3tc1QL5eRZkZx0rQNEK3HhrVCgHon5HH5feTnTRZFrjhPjFQPhTmRQ==\n-----END RSA PRIVATE KEY-----\n",
            "private_key_pem_pkcs8": "-----BEGIN PRIVATE KEY-----\nMIIJRAIBADANBgkqhkiG9w0BAQEFAASCCS4wggkqAgEAAoICAQC5DMaIQJlH95Qg\n6S5o08q5IfoWzRDTLkm/hiAvsSxrzyDUuP+qREwn1x1ewR8yutSZ1IKitcHV73pO\nJItZFY/w4+Otekojr9PR5bVMFmI80IIE0nV3uI+3Fg3h5cvJtEN/jUgFzTNjSv59\nQhyWGPdCXp9cf5+pODSA2/uwo629ljtZdv5gmeTPuMfcDUjP7t2MNKJpTgGtVbJF\nTDb9UDimYcpiwnjavBfLJEYjDtBg8rJl++NStzY/VnfLuBLcVvvBQY2XBdf7vgVW\nhjq9l1fOzssXVjSxuPQEjE+cFCPhzScU82gcawOrH6SuFMC9Kjbe1hD+WVDB1Cg6\nQPtJVImn6YUaxkny3TOSqR5KaEF2SHp2KEwc3d71Lu3BXCloMqcvzSlTWZIUElAF\nHwABUa/9QhLtUhIFRfIhQ3caSUqzIbQ6yKeyXslQZw2tBw8o/dJfBRxqjyqyHZGy\nQJp5+9hBgUHouT8q/nw8Y9i7pIi7BHZ5y9+MihPB/9lmn2k4h+SyBQbpEhH//hOg\nLe7RtNKhOxFHE0suxJIfUXxh2u0kjhkCeS8VpE+0YvvZugmPbLioDK1EnuaMpOQP\nTky444Oce2CETSr0NulEiEBwICpF3nMjnh188FarfJFxlccNj3b7C5IEn4DEyrbJ\nziGzsBb3+oupli8SM5QJCJJvOcpxPQIDAQABAoICAQCY2jqrlWCHl7Ods78IC9mq\nLqybZOv+5H86Wpn/iwO8Ua02yVE13ZBiYEf8Wt1gU/8EygrWR/hCtLt8DKemAC+T\ntUn9o8PV0ojPGkU1AlBHF5wuS4GIUMU1YFw7Okuo4uPWWmchk6xc2jd4U8G1Ig4r\nnmlYSHsjli+YOR2ffLQopA2GCsp4FOZxxpof5EE+sHoEM/3rqemsudq1bw0FFNyW\nYrR/+09ErpWg0Oe2UahCTHab0wKk8n02uD/f4L6Djr4JlhJUqxkK8p0KKXof3QFE\n7H/JWQXRv4qgrx2bOO+itokPvzdCMgsnsM2glbfXCSWlz4Dd9/zC/nH0HHT0z4Wb\n66FaMmVJdaAAhETYUD80LWaGaor0uIwB7yvSL3yJD3sodBDrDSQ86GYYUjUVtcfH\nd1Emn7gwm0+sI6V19Z5KaKznEOolmuARFGgXbZWw2qOwriKXHKwJpIo2yrDkbQ1W\nsBSq8RFXgLTKQES8VW4PSjECO1t2oybwmbziOj2195AQ4nu1J3YX2EvRN3Gk+h8T\ncR+t6tGWcWVIEvKn1t1VyYGug5zXGPoNqVSKG4Lo337leIo7h9TXGX+uJa1rWJrw\nyW+MnqsjxqSXGzLUvc0wWKoTsL1lARk5wNzQOnAHCg8ZK5doYtaIkQpyMVchBXqz\nopVJ0RZkwcp6Mo9bhyPm6QKCAQEA1cVGucg32iH+AUitwOa6Y26clyhy7EB/jPvb\nJspsj8XIFnqUgqcMU+1rAABtQcPRoeGxmqh2VdY3rQbwKWb2XW5fAAaEe6Nm71y+\n7Ipbt+aOxQhuMwZ5ZmSHij38IlRnV10Kp4DX+A1Bq3ZFAdGa4gYRAz187XrVOK/m\nKhQ+wcDorEL/Ou8uLaT3VEXh+rLUtJN6Mjbcelr/Yj43uiMVpZsohMxWvkhzVMQ7\nug5t3oq/LnLWF1zrUAjZt8emE9vUwkKyHnqhR80o8JhOH2cgtU8+AIaXjDTxY5kG\njmrVNO3iJMQfMNjGSvGzycyQxpeVb8qdD+3kOijlFiHVNK7gpwKCAQEA3ZsMA1qV\noS5I+xPQhCxDxm1o/h4T4DtRf1bWk+Gr0exxZI/Iu3lrngZJ1w3XaJpwFk0Rh5RO\nmPFTXBzLRkdK0kr8aiqtZ6MxaZMBdzYgxr8Dm66vQJNN7VfYNLGF9wQE2bPcVI2y\nruheUUwN9ofGexjawEOfbWT5JVaFp6iG2mYQ7oyMRrTOqa80Doav3h8EFxlexrGh\nbg2UBWZFs1ET5eSmgaJ9RTB87+dDu4AK7g5o7qYVH1/xwFfIUCnpjiEBofsIwQsN\ndNz+42pt1ZY4CiKGGs7yCL9SXwEYaqPIK/kctbu/FC+diZ7NuIx5Nq0gyKlwmQ5f\nM85zGKIm2O6XewKCAQEAulKCfLeYhtYN8MyKNZJlbvkgH1gwIt9szVNQBpV03jOD\nXKRnASHcyuIq2wuEL0ggVbrD9ItU6SgXywY7GbsWjQUAZKNJogIgXA04lC9cFgQs\n+GuKsYq5EZgZ01KHityKXklIWgshMqFLVcl2CEnLd6nV9j8Hvm3Lnuch9BdFQ9eC\ndXLHx3RliX853Ag1GS/52ZKZdV7/+N2LrvOP2vttiLSeMnFwQdYgQAfyDw84kDna\nvP92v1JL/6xXJ6oqhTCcVt2PJqW4IT8eqeX2YcSfa6iv4AFv4dLbevYMEuHnB4U4\nENeoYAjxfK0DCab1oULKC3BMSXAN9utiEVJX5N1wDQKCAQA7fDslS1OPCJWekBsQ\n37DxurzMOdasAkBGJlFDMPimSQnHLLF9YYJ50MZRa+2+rnYYBmgGNNFETMNLno8S\nNmDnQimvdfVGNJA2/rcOAQGbV/rn92QjuWbZpxLqUhzbycBjj9w89ixYtxdaS0gU\nPS4SLQHLSlupScl3NFp8Psi0J2G0JxYghLhU5CrdG1pqDXlTmgPO4i+rEwoAyQs8\nry7gLxhjA/MMd4+R9kpAMoa8kDGqnfpdiaujLe0fV6DR/hoqGPCooQbjr87bzN3e\nz4wLbGkDGTnvDyxVRD4BoiVBaIVEYzlPediX8IDYYRzIiICcXJ9U9n6nsWtD2YME\nCEexAoIBAQDSzU+mGG3xPAahEftwBjGoEwXfeDqS0i9PNpaOJUbaua6YynufMed4\nZQFLw635ss+zP0gKgMe80vJMzxnHLOaGlwfzxQV6TvSNPwEyy91Htd7hzfGJPWe6\n0LfZ/mm3o+I9oNk0TFOvXP+peaMAIneE2t5qQEL1SYuM+vUHzYEDTy57T5joGlIi\nrkKAMbNP/rwtqinWRSfI+nSzRoAeDF6FAg/LeN60lxqN4CU8xdEsf3swpbcVHIsk\n9hPNXPEIXCPK4PudgSUh0EZTO42e7OgSXr9fZa2H21be1zVAvl5FmRnHStA0Qrce\nGtUKAeifkcfl95OdNFkWuOE+MVA+FOZF\n-----END PRIVATE KEY-----\n",
            "public_key_fingerprint_md5": "0b:a3:37:70:eb:9c:0c:e1:bb:5b:8b:87:1b:12:af:f7",
            "public_key_fingerprint_sha256": "SHA256:pbiyZHOsYzokf1ZtQWuMMe0OKgVAVqMYXgux8e2FeqE",
            "public_key_openssh": "ssh-rsa AAAAB3NzaC1yc2EAAAADAQABAAACAQC5DMaIQJlH95Qg6S5o08q5IfoWzRDTLkm/hiAvsSxrzyDUuP+qREwn1x1ewR8yutSZ1IKitcHV73pOJItZFY/w4+Otekojr9PR5bVMFmI80IIE0nV3uI+3Fg3h5cvJtEN/jUgFzTNjSv59QhyWGPdCXp9cf5+pODSA2/uwo629ljtZdv5gmeTPuMfcDUjP7t2MNKJpTgGtVbJFTDb9UDimYcpiwnjavBfLJEYjDtBg8rJl++NStzY/VnfLuBLcVvvBQY2XBdf7vgVWhjq9l1fOzssXVjSxuPQEjE+cFCPhzScU82gcawOrH6SuFMC9Kjbe1hD+WVDB1Cg6QPtJVImn6YUaxkny3TOSqR5KaEF2SHp2KEwc3d71Lu3BXCloMqcvzSlTWZIUElAFHwABUa/9QhLtUhIFRfIhQ3caSUqzIbQ6yKeyXslQZw2tBw8o/dJfBRxqjyqyHZGyQJp5+9hBgUHouT8q/nw8Y9i7pIi7BHZ5y9+MihPB/9lmn2k4h+SyBQbpEhH//hOgLe7RtNKhOxFHE0suxJIfUXxh2u0kjhkCeS8VpE+0YvvZugmPbLioDK1EnuaMpOQPTky444Oce2CETSr0NulEiEBwICpF3nMjnh188FarfJFxlccNj3b7C5IEn4DEyrbJziGzsBb3+oupli8SM5QJCJJvOcpxPQ==\n",
            "public_key_pem": "-----BEGIN PUBLIC KEY-----\nMIICIjANBgkqhkiG9w0BAQEFAAOCAg8AMIICCgKCAgEAuQzGiECZR/eUIOkuaNPK\nuSH6Fs0Q0y5Jv4YgL7Esa88g1Lj/qkRMJ9cdXsEfMrrUmdSCorXB1e96TiSLWRWP\n8OPjrXpKI6/T0eW1TBZiPNCCBNJ1d7iPtxYN4eXLybRDf41IBc0zY0r+fUIclhj3\nQl6fXH+fqTg0gNv7sKOtvZY7WXb+YJnkz7jH3A1Iz+7djDSiaU4BrVWyRUw2/VA4\npmHKYsJ42rwXyyRGIw7QYPKyZfvjUrc2P1Z3y7gS3Fb7wUGNlwXX+74FVoY6vZdX\nzs7LF1Y0sbj0BIxPnBQj4c0nFPNoHGsDqx+krhTAvSo23tYQ/llQwdQoOkD7SVSJ\np+mFGsZJ8t0zkqkeSmhBdkh6dihMHN3e9S7twVwpaDKnL80pU1mSFBJQBR8AAVGv\n/UIS7VISBUXyIUN3GklKsyG0Osinsl7JUGcNrQcPKP3SXwUcao8qsh2RskCaefvY\nQYFB6Lk/Kv58PGPYu6SIuwR2ecvfjIoTwf/ZZp9pOIfksgUG6RIR//4ToC3u0bTS\noTsRRxNLLsSSH1F8YdrtJI4ZAnkvFaRPtGL72boJj2y4qAytRJ7mjKTkD05MuOOD\nnHtghE0q9DbpRIhAcCAqRd5zI54dfPBWq3yRcZXHDY92+wuSBJ+AxMq2yc4hs7AW\n9/qLqZYvEjOUCQiSbznKcT0CAwEAAQ==\n-----END PUBLIC KEY-----\n",
            "rsa_bits": 4096
          },
          "sensitive_attributes": []
        }
      ]
    }
  ],
  "check_results": null
}
